{
  "name": "my-serverless-project",
  "lockfileVersion": 3,
  "requires": true,
  "packages": {
    "": {
      "dependencies": {
        "serverless-whitelisting": "^0.0.6"
      }
    },
    "node_modules/serverless-whitelisting": {
      "version": "0.0.6",
      "resolved": "https://registry.npmjs.org/serverless-whitelisting/-/serverless-whitelisting-0.0.6.tgz",
      "integrity": "sha512-XCQ0lFXNvmYRpoORidrdavqN+X31zBhF74IlMfdA5n6rgvq2vLdgFOyQ62llhBcrQ+WKa1t9A5JCKTIe4aeS3w=="
    }
  }
}
